
Microsoft Visual Studio Solution File, Format Version 12.00
# Visual Studio 15
VisualStudioVersion = 15.0.26730.16
MinimumVisualStudioVersion = 10.0.40219.1
Project("{8BC9CEB8-8B4A-11D0-8D11-00A0C91BC942}") = "SuperTagEditor", "SuperTagEditor\SuperTagEditor.vcxproj", "{E18DA30E-6AC6-4BD5-A16A-32420644345F}"
EndProject
Project("{2150E333-8FDC-42A3-9474-1A3956D46DE8}") = "Plugins", "Plugins", "{BB6253E1-35EC-41A9-94E7-EE9904C7F05A}"
EndProject
Project("{8BC9CEB8-8B4A-11D0-8D11-00A0C91BC942}") = "STEP_ape", "STEP_ape\STEP_ape.vcxproj", "{48D37897-3BFD-4B9A-8C7C-B69346FA893F}"
EndProject
Project("{8BC9CEB8-8B4A-11D0-8D11-00A0C91BC942}") = "STEP_mp3", "STEP_mp3\STEP_mp3.vcxproj", "{173FA78F-7CEF-4AE8-BE3B-D3FFEC04095F}"
EndProject
Project("{8BC9CEB8-8B4A-11D0-8D11-00A0C91BC942}") = "STEP_mpc", "STEP_mpc\STEP_mpc.vcxproj", "{12AC5CED-3927-4F46-B6D2-DCAB0B586E60}"
EndProject
Project("{8BC9CEB8-8B4A-11D0-8D11-00A0C91BC942}") = "STEP_reConv", "STEP_reConv\STEP_reConv.vcxproj", "{5152844F-D1C6-4094-BC1F-A8FDC74A8844}"
EndProject
Project("{8BC9CEB8-8B4A-11D0-8D11-00A0C91BC942}") = "STEP_riff", "STEP_riff\STEP_riff.vcxproj", "{0EC2FB08-572E-4CDA-A065-48F3B9385AB1}"
EndProject
Project("{8BC9CEB8-8B4A-11D0-8D11-00A0C91BC942}") = "STEP_tta", "STEP_tta\STEP_tta.vcxproj", "{DA7E77DB-E9B1-4BF7-BA9C-0EF74DC9BAC8}"
EndProject
Project("{8BC9CEB8-8B4A-11D0-8D11-00A0C91BC942}") = "STEP_vqf", "STEP_vqf\STEP_vqf.vcxproj", "{95519D41-4D52-4BAD-99E3-E58F33E9A61C}"
EndProject
Project("{8BC9CEB8-8B4A-11D0-8D11-00A0C91BC942}") = "STEP_wma", "STEP_wma\STEP_wma.vcxproj", "{219F8FF1-C591-49FD-98AE-4AA1C5D57587}"
EndProject
Project("{8BC9CEB8-8B4A-11D0-8D11-00A0C91BC942}") = "STEP_aac", "STEP_aac\STEP_aac.vcxproj", "{6D7D225A-653C-4E42-95A1-01919EF7E15C}"
EndProject
Project("{8BC9CEB8-8B4A-11D0-8D11-00A0C91BC942}") = "STEP_fla", "STEP_fla\STEP_fla.vcxproj", "{BB1EF202-3F68-4605-87EB-C4AEBD2BF3FB}"
EndProject
Project("{8BC9CEB8-8B4A-11D0-8D11-00A0C91BC942}") = "STEP_ogg", "STEP_ogg\STEP_ogg.vcxproj", "{2470A798-8855-4CFD-B841-68C6227845CE}"
EndProject
Project("{2150E333-8FDC-42A3-9474-1A3956D46DE8}") = "Modules", "Modules", "{76495ED0-1F61-47E6-8BE5-8D33F19F4AA7}"
EndProject
Project("{2150E333-8FDC-42A3-9474-1A3956D46DE8}") = "STEP_aac", "STEP_aac", "{F1CF372D-92A1-46CF-B730-182E144EDDE7}"
EndProject
Project("{8BC9CEB8-8B4A-11D0-8D11-00A0C91BC942}") = "mp4v2", "STEP_aac\mp4v2\mp4v2.vcxproj", "{F6FEB880-93CD-4451-A7D5-6C5C37E9A5B6}"
EndProject
Project("{8BC9CEB8-8B4A-11D0-8D11-00A0C91BC942}") = "STEP_GlobalCommand", "STEP_GlobalCommand\STEP_GlobalCommand.vcxproj", "{DBBB9B16-2475-4661-A8AA-A72282A2792E}"
EndProject
Global
	GlobalSection(SolutionConfigurationPlatforms) = preSolution
		Debug|x86 = Debug|x86
		Release|x86 = Release|x86
	EndGlobalSection
	GlobalSection(ProjectConfigurationPlatforms) = postSolution
		{E18DA30E-6AC6-4BD5-A16A-32420644345F}.Debug|x86.ActiveCfg = Debug|Win32
		{E18DA30E-6AC6-4BD5-A16A-32420644345F}.Debug|x86.Build.0 = Debug|Win32
		{E18DA30E-6AC6-4BD5-A16A-32420644345F}.Release|x86.ActiveCfg = Release|Win32
		{E18DA30E-6AC6-4BD5-A16A-32420644345F}.Release|x86.Build.0 = Release|Win32
		{48D37897-3BFD-4B9A-8C7C-B69346FA893F}.Debug|x86.ActiveCfg = Debug|Win32
		{48D37897-3BFD-4B9A-8C7C-B69346FA893F}.Debug|x86.Build.0 = Debug|Win32
		{48D37897-3BFD-4B9A-8C7C-B69346FA893F}.Release|x86.ActiveCfg = Release|Win32
		{48D37897-3BFD-4B9A-8C7C-B69346FA893F}.Release|x86.Build.0 = Release|Win32
		{173FA78F-7CEF-4AE8-BE3B-D3FFEC04095F}.Debug|x86.ActiveCfg = Debug|Win32
		{173FA78F-7CEF-4AE8-BE3B-D3FFEC04095F}.Debug|x86.Build.0 = Debug|Win32
		{173FA78F-7CEF-4AE8-BE3B-D3FFEC04095F}.Release|x86.ActiveCfg = Release|Win32
		{173FA78F-7CEF-4AE8-BE3B-D3FFEC04095F}.Release|x86.Build.0 = Release|Win32
		{12AC5CED-3927-4F46-B6D2-DCAB0B586E60}.Debug|x86.ActiveCfg = Debug|Win32
		{12AC5CED-3927-4F46-B6D2-DCAB0B586E60}.Debug|x86.Build.0 = Debug|Win32
		{12AC5CED-3927-4F46-B6D2-DCAB0B586E60}.Release|x86.ActiveCfg = Release|Win32
		{12AC5CED-3927-4F46-B6D2-DCAB0B586E60}.Release|x86.Build.0 = Release|Win32
		{5152844F-D1C6-4094-BC1F-A8FDC74A8844}.Debug|x86.ActiveCfg = Debug|Win32
		{5152844F-D1C6-4094-BC1F-A8FDC74A8844}.Debug|x86.Build.0 = Debug|Win32
		{5152844F-D1C6-4094-BC1F-A8FDC74A8844}.Release|x86.ActiveCfg = Release|Win32
		{5152844F-D1C6-4094-BC1F-A8FDC74A8844}.Release|x86.Build.0 = Release|Win32
		{0EC2FB08-572E-4CDA-A065-48F3B9385AB1}.Debug|x86.ActiveCfg = Debug|Win32
		{0EC2FB08-572E-4CDA-A065-48F3B9385AB1}.Debug|x86.Build.0 = Debug|Win32
		{0EC2FB08-572E-4CDA-A065-48F3B9385AB1}.Release|x86.ActiveCfg = Release|Win32
		{0EC2FB08-572E-4CDA-A065-48F3B9385AB1}.Release|x86.Build.0 = Release|Win32
		{DA7E77DB-E9B1-4BF7-BA9C-0EF74DC9BAC8}.Debug|x86.ActiveCfg = Debug|Win32
		{DA7E77DB-E9B1-4BF7-BA9C-0EF74DC9BAC8}.Debug|x86.Build.0 = Debug|Win32
		{DA7E77DB-E9B1-4BF7-BA9C-0EF74DC9BAC8}.Release|x86.ActiveCfg = Release|Win32
		{DA7E77DB-E9B1-4BF7-BA9C-0EF74DC9BAC8}.Release|x86.Build.0 = Release|Win32
		{95519D41-4D52-4BAD-99E3-E58F33E9A61C}.Debug|x86.ActiveCfg = Debug|Win32
		{95519D41-4D52-4BAD-99E3-E58F33E9A61C}.Debug|x86.Build.0 = Debug|Win32
		{95519D41-4D52-4BAD-99E3-E58F33E9A61C}.Release|x86.ActiveCfg = Release|Win32
		{95519D41-4D52-4BAD-99E3-E58F33E9A61C}.Release|x86.Build.0 = Release|Win32
		{219F8FF1-C591-49FD-98AE-4AA1C5D57587}.Debug|x86.ActiveCfg = Debug|Win32
		{219F8FF1-C591-49FD-98AE-4AA1C5D57587}.Debug|x86.Build.0 = Debug|Win32
		{219F8FF1-C591-49FD-98AE-4AA1C5D57587}.Release|x86.ActiveCfg = Release|Win32
		{219F8FF1-C591-49FD-98AE-4AA1C5D57587}.Release|x86.Build.0 = Release|Win32
		{6D7D225A-653C-4E42-95A1-01919EF7E15C}.Debug|x86.ActiveCfg = Debug|Win32
		{6D7D225A-653C-4E42-95A1-01919EF7E15C}.Debug|x86.Build.0 = Debug|Win32
		{6D7D225A-653C-4E42-95A1-01919EF7E15C}.Release|x86.ActiveCfg = Release|Win32
		{6D7D225A-653C-4E42-95A1-01919EF7E15C}.Release|x86.Build.0 = Release|Win32
		{BB1EF202-3F68-4605-87EB-C4AEBD2BF3FB}.Debug|x86.ActiveCfg = Debug|Win32
		{BB1EF202-3F68-4605-87EB-C4AEBD2BF3FB}.Debug|x86.Build.0 = Debug|Win32
		{BB1EF202-3F68-4605-87EB-C4AEBD2BF3FB}.Release|x86.ActiveCfg = Release|Win32
		{BB1EF202-3F68-4605-87EB-C4AEBD2BF3FB}.Release|x86.Build.0 = Release|Win32
		{2470A798-8855-4CFD-B841-68C6227845CE}.Debug|x86.ActiveCfg = Debug|Win32
		{2470A798-8855-4CFD-B841-68C6227845CE}.Debug|x86.Build.0 = Debug|Win32
		{2470A798-8855-4CFD-B841-68C6227845CE}.Release|x86.ActiveCfg = Release|Win32
		{2470A798-8855-4CFD-B841-68C6227845CE}.Release|x86.Build.0 = Release|Win32
		{F6FEB880-93CD-4451-A7D5-6C5C37E9A5B6}.Debug|x86.ActiveCfg = Debug|Win32
		{F6FEB880-93CD-4451-A7D5-6C5C37E9A5B6}.Debug|x86.Build.0 = Debug|Win32
		{F6FEB880-93CD-4451-A7D5-6C5C37E9A5B6}.Release|x86.ActiveCfg = Release|Win32
		{F6FEB880-93CD-4451-A7D5-6C5C37E9A5B6}.Release|x86.Build.0 = Release|Win32
		{DBBB9B16-2475-4661-A8AA-A72282A2792E}.Debug|x86.ActiveCfg = Debug|Win32
		{DBBB9B16-2475-4661-A8AA-A72282A2792E}.Debug|x86.Build.0 = Debug|Win32
		{DBBB9B16-2475-4661-A8AA-A72282A2792E}.Release|x86.ActiveCfg = Release|Win32
		{DBBB9B16-2475-4661-A8AA-A72282A2792E}.Release|x86.Build.0 = Release|Win32
	EndGlobalSection
	GlobalSection(SolutionProperties) = preSolution
		HideSolutionNode = FALSE
	EndGlobalSection
	GlobalSection(NestedProjects) = preSolution
		{48D37897-3BFD-4B9A-8C7C-B69346FA893F} = {BB6253E1-35EC-41A9-94E7-EE9904C7F05A}
		{173FA78F-7CEF-4AE8-BE3B-D3FFEC04095F} = {BB6253E1-35EC-41A9-94E7-EE9904C7F05A}
		{12AC5CED-3927-4F46-B6D2-DCAB0B586E60} = {BB6253E1-35EC-41A9-94E7-EE9904C7F05A}
		{5152844F-D1C6-4094-BC1F-A8FDC74A8844} = {BB6253E1-35EC-41A9-94E7-EE9904C7F05A}
		{0EC2FB08-572E-4CDA-A065-48F3B9385AB1} = {BB6253E1-35EC-41A9-94E7-EE9904C7F05A}
		{DA7E77DB-E9B1-4BF7-BA9C-0EF74DC9BAC8} = {BB6253E1-35EC-41A9-94E7-EE9904C7F05A}
		{95519D41-4D52-4BAD-99E3-E58F33E9A61C} = {BB6253E1-35EC-41A9-94E7-EE9904C7F05A}
		{219F8FF1-C591-49FD-98AE-4AA1C5D57587} = {BB6253E1-35EC-41A9-94E7-EE9904C7F05A}
		{6D7D225A-653C-4E42-95A1-01919EF7E15C} = {BB6253E1-35EC-41A9-94E7-EE9904C7F05A}
		{BB1EF202-3F68-4605-87EB-C4AEBD2BF3FB} = {BB6253E1-35EC-41A9-94E7-EE9904C7F05A}
		{2470A798-8855-4CFD-B841-68C6227845CE} = {BB6253E1-35EC-41A9-94E7-EE9904C7F05A}
		{F1CF372D-92A1-46CF-B730-182E144EDDE7} = {76495ED0-1F61-47E6-8BE5-8D33F19F4AA7}
		{F6FEB880-93CD-4451-A7D5-6C5C37E9A5B6} = {F1CF372D-92A1-46CF-B730-182E144EDDE7}
		{DBBB9B16-2475-4661-A8AA-A72282A2792E} = {BB6253E1-35EC-41A9-94E7-EE9904C7F05A}
	EndGlobalSection
	GlobalSection(ExtensibilityGlobals) = postSolution
		SolutionGuid = {C85AEDC9-5CB2-4ED6-A34B-7C84342AD318}
	EndGlobalSection
EndGlobal
