
Microsoft Visual Studio Solution File, Format Version 12.00
# Visual Studio 15
VisualStudioVersion = 15.0.26730.16
MinimumVisualStudioVersion = 10.0.40219.1
Project("{8BC9CEB8-8B4A-11D0-8D11-00A0C91BC942}") = "SuperTagEditor", "SuperTagEditor\SuperTagEditor.vcxproj", "{E18DA30E-6AC6-4BD5-A16A-32420644345F}"
EndProject
Global
	GlobalSection(SolutionConfigurationPlatforms) = preSolution
		Debug|x86 = Debug|x86
		PublicDebug|x86 = PublicDebug|x86
		PublicRelease|x86 = PublicRelease|x86
		Release|x86 = Release|x86
		Template|x86 = Template|x86
	EndGlobalSection
	GlobalSection(ProjectConfigurationPlatforms) = postSolution
		{E18DA30E-6AC6-4BD5-A16A-32420644345F}.Debug|x86.ActiveCfg = Debug|Win32
		{E18DA30E-6AC6-4BD5-A16A-32420644345F}.Debug|x86.Build.0 = Debug|Win32
		{E18DA30E-6AC6-4BD5-A16A-32420644345F}.PublicDebug|x86.ActiveCfg = PublicDebug|Win32
		{E18DA30E-6AC6-4BD5-A16A-32420644345F}.PublicDebug|x86.Build.0 = PublicDebug|Win32
		{E18DA30E-6AC6-4BD5-A16A-32420644345F}.PublicRelease|x86.ActiveCfg = PublicRelease|Win32
		{E18DA30E-6AC6-4BD5-A16A-32420644345F}.PublicRelease|x86.Build.0 = PublicRelease|Win32
		{E18DA30E-6AC6-4BD5-A16A-32420644345F}.Release|x86.ActiveCfg = Release|Win32
		{E18DA30E-6AC6-4BD5-A16A-32420644345F}.Release|x86.Build.0 = Release|Win32
		{E18DA30E-6AC6-4BD5-A16A-32420644345F}.Template|x86.ActiveCfg = Template|Win32
		{E18DA30E-6AC6-4BD5-A16A-32420644345F}.Template|x86.Build.0 = Template|Win32
	EndGlobalSection
	GlobalSection(SolutionProperties) = preSolution
		HideSolutionNode = FALSE
	EndGlobalSection
	GlobalSection(ExtensibilityGlobals) = postSolution
		SolutionGuid = {C85AEDC9-5CB2-4ED6-A34B-7C84342AD318}
	EndGlobalSection
EndGlobal
