<?xml version="1.0" encoding="utf-8"?>
<Project ToolsVersion="4.0" xmlns="http://schemas.microsoft.com/developer/msbuild/2003">
  <ItemGroup>
    <Filter Include="Source Files">
      <UniqueIdentifier>{ec6891b1-d91d-4341-bff1-2ee9482bf758}</UniqueIdentifier>
      <Extensions>cpp;c;cxx;rc;def;r;odl;idl;hpj;bat</Extensions>
    </Filter>
    <Filter Include="Header Files">
      <UniqueIdentifier>{45b3220a-8806-4424-964a-f363cefaabb7}</UniqueIdentifier>
      <Extensions>h;hpp;hxx;hm;inl</Extensions>
    </Filter>
    <Filter Include="Resource Files">
      <UniqueIdentifier>{f62034ca-f9bf-4054-aa4e-66f41dccdd58}</UniqueIdentifier>
      <Extensions>ico;cur;bmp;dlg;rc2;rct;bin;rgs;gif;jpg;jpeg;jpe</Extensions>
    </Filter>
  </ItemGroup>
  <ItemGroup>
    <ClCompile Include="DlgSetup.cpp">
      <Filter>Source Files</Filter>
    </ClCompile>
    <ClCompile Include="FileAAC.cpp">
      <Filter>Source Files</Filter>
    </ClCompile>
    <ClCompile Include="StdAfx.cpp">
      <Filter>Source Files</Filter>
    </ClCompile>
    <ClCompile Include="STEP_aac.cpp">
      <Filter>Source Files</Filter>
    </ClCompile>
    <ClCompile Include="..\STEP_SDK\STEPlugin.cpp">
      <Filter>Source Files</Filter>
    </ClCompile>
  </ItemGroup>
  <ItemGroup>
    <None Include="STEP_aac.def">
      <Filter>Source Files</Filter>
    </None>
    <None Include="bitmap_acc.bmp">
      <Filter>Resource Files</Filter>
    </None>
    <None Include="res\STEP_aac.rc2">
      <Filter>Resource Files</Filter>
    </None>
    <None Include="ReadMe.txt" />
  </ItemGroup>
  <ItemGroup>
    <ResourceCompile Include="STEP_aac.rc">
      <Filter>Source Files</Filter>
    </ResourceCompile>
  </ItemGroup>
  <ItemGroup>
    <ClInclude Include="DlgSetup.h">
      <Filter>Header Files</Filter>
    </ClInclude>
    <ClInclude Include="FileAAC.h">
      <Filter>Header Files</Filter>
    </ClInclude>
    <ClInclude Include="Resource.h">
      <Filter>Header Files</Filter>
    </ClInclude>
    <ClInclude Include="StdAfx.h">
      <Filter>Header Files</Filter>
    </ClInclude>
    <ClInclude Include="STEP_aac.h">
      <Filter>Header Files</Filter>
    </ClInclude>
  </ItemGroup>
</Project>