<?xml version="1.0" encoding="utf-8"?>
<Project ToolsVersion="4.0" xmlns="http://schemas.microsoft.com/developer/msbuild/2003">
  <ItemGroup>
    <Filter Include="Source Files">
      <UniqueIdentifier>{ad161189-a62b-4304-8690-d066b54e176b}</UniqueIdentifier>
      <Extensions>cpp;c;cxx;rc;def;r;odl;idl;hpj;bat</Extensions>
    </Filter>
    <Filter Include="Header Files">
      <UniqueIdentifier>{f3beff73-132f-452a-a1db-258e887558a9}</UniqueIdentifier>
      <Extensions>h;hpp;hxx;hm;inl</Extensions>
    </Filter>
    <Filter Include="Resource Files">
      <UniqueIdentifier>{bd09068b-829d-462c-a659-ebc47f8fb7e7}</UniqueIdentifier>
      <Extensions>ico;cur;bmp;dlg;rc2;rct;bin;rgs;gif;jpg;jpeg;jpe</Extensions>
    </Filter>
  </ItemGroup>
  <ItemGroup>
    <ClCompile Include="call_mp3infp.cpp">
      <Filter>Source Files</Filter>
    </ClCompile>
    <ClCompile Include="DlgConvID3v2Version.cpp">
      <Filter>Source Files</Filter>
    </ClCompile>
    <ClCompile Include="DlgDefaultValue.cpp">
      <Filter>Source Files</Filter>
    </ClCompile>
    <ClCompile Include="DlgDefaultValue1.cpp">
      <Filter>Source Files</Filter>
    </ClCompile>
    <ClCompile Include="DlgFileRmpID3v2.cpp">
      <Filter>Source Files</Filter>
    </ClCompile>
    <ClCompile Include="ID3v2\RMP.cpp">
      <Filter>Source Files</Filter>
    </ClCompile>
    <ClCompile Include="StdAfx.cpp">
      <Filter>Source Files</Filter>
    </ClCompile>
    <ClCompile Include="STEP_mp3.cpp">
      <Filter>Source Files</Filter>
    </ClCompile>
    <ClCompile Include="STEP_mp3_ConvFormat.cpp">
      <Filter>Source Files</Filter>
    </ClCompile>
    <ClCompile Include="..\STEP_SDK\STEPlugin.cpp">
      <Filter>Source Files</Filter>
    </ClCompile>
  </ItemGroup>
  <ItemGroup>
    <None Include="STEP_mp3.def">
      <Filter>Source Files</Filter>
    </None>
    <None Include="bitmap1.bmp">
      <Filter>Resource Files</Filter>
    </None>
    <None Include="bmp00001.bmp">
      <Filter>Resource Files</Filter>
    </None>
    <None Include="bmp00002.bmp">
      <Filter>Resource Files</Filter>
    </None>
    <None Include="bmp00003.bmp">
      <Filter>Resource Files</Filter>
    </None>
    <None Include="bmp00004.bmp">
      <Filter>Resource Files</Filter>
    </None>
    <None Include="bmp00005.bmp">
      <Filter>Resource Files</Filter>
    </None>
    <None Include="file_con.bmp">
      <Filter>Resource Files</Filter>
    </None>
    <None Include="res\STEP_mp3.rc2">
      <Filter>Resource Files</Filter>
    </None>
    <None Include="ReadMe.txt" />
  </ItemGroup>
  <ItemGroup>
    <ResourceCompile Include="STEP_mp3.rc">
      <Filter>Source Files</Filter>
    </ResourceCompile>
  </ItemGroup>
  <ItemGroup>
    <ClInclude Include="ID3v2\classID.h">
      <Filter>Header Files</Filter>
    </ClInclude>
    <ClInclude Include="DlgConvID3v2Version.h">
      <Filter>Header Files</Filter>
    </ClInclude>
    <ClInclude Include="DlgDefaultValue.h">
      <Filter>Header Files</Filter>
    </ClInclude>
    <ClInclude Include="DlgDefaultValue1.h">
      <Filter>Header Files</Filter>
    </ClInclude>
    <ClInclude Include="DlgFileRmpID3v2.h">
      <Filter>Header Files</Filter>
    </ClInclude>
    <ClInclude Include="mp3infp_ExportFunc.h">
      <Filter>Header Files</Filter>
    </ClInclude>
    <ClInclude Include="Resource.h">
      <Filter>Header Files</Filter>
    </ClInclude>
    <ClInclude Include="ID3v2\RMP.h">
      <Filter>Header Files</Filter>
    </ClInclude>
    <ClInclude Include="StdAfx.h">
      <Filter>Header Files</Filter>
    </ClInclude>
    <ClInclude Include="STEP_mp3.h">
      <Filter>Header Files</Filter>
    </ClInclude>
  </ItemGroup>
</Project>