<?xml version="1.0" encoding="utf-8"?>
<Project ToolsVersion="4.0" xmlns="http://schemas.microsoft.com/developer/msbuild/2003">
  <ItemGroup>
    <Filter Include="Source Files">
      <UniqueIdentifier>{fff70686-7e5a-4e32-b07e-f463138b4ef4}</UniqueIdentifier>
      <Extensions>cpp;c;cxx;rc;def;r;odl;idl;hpj;bat</Extensions>
    </Filter>
    <Filter Include="Header Files">
      <UniqueIdentifier>{8e246c85-4253-4754-9c6d-53e107076871}</UniqueIdentifier>
      <Extensions>h;hpp;hxx;hm;inl</Extensions>
    </Filter>
    <Filter Include="Resource Files">
      <UniqueIdentifier>{4f07154e-c92d-43cf-828b-be93fa4fd4a9}</UniqueIdentifier>
      <Extensions>ico;cur;bmp;dlg;rc2;rct;bin;rgs;gif;jpg;jpeg;jpe</Extensions>
    </Filter>
  </ItemGroup>
  <ItemGroup>
    <ClCompile Include="call_mp3infp.cpp">
      <Filter>Source Files</Filter>
    </ClCompile>
    <ClCompile Include="DlgSetup.cpp">
      <Filter>Source Files</Filter>
    </ClCompile>
    <ClCompile Include="FileWMA.cpp">
      <Filter>Source Files</Filter>
    </ClCompile>
    <ClCompile Include="FileWMAattr.cpp">
      <Filter>Source Files</Filter>
    </ClCompile>
    <ClCompile Include="StdAfx.cpp">
      <Filter>Source Files</Filter>
    </ClCompile>
    <ClCompile Include="STEP_wma.cpp">
      <Filter>Source Files</Filter>
    </ClCompile>
    <ClCompile Include="..\STEP_SDK\STEPlugin.cpp">
      <Filter>Source Files</Filter>
    </ClCompile>
  </ItemGroup>
  <ItemGroup>
    <None Include="STEP_wma.def">
      <Filter>Source Files</Filter>
    </None>
    <None Include="bitmap_w.bmp">
      <Filter>Resource Files</Filter>
    </None>
    <None Include="res\STEP_wma.rc2">
      <Filter>Resource Files</Filter>
    </None>
    <None Include="ReadMe.txt" />
  </ItemGroup>
  <ItemGroup>
    <ResourceCompile Include="STEP_wma.rc">
      <Filter>Source Files</Filter>
    </ResourceCompile>
  </ItemGroup>
  <ItemGroup>
    <ClInclude Include="DlgSetup.h">
      <Filter>Header Files</Filter>
    </ClInclude>
    <ClInclude Include="FileWMA.h">
      <Filter>Header Files</Filter>
    </ClInclude>
    <ClInclude Include="mp3infp_ExportFunc.h">
      <Filter>Header Files</Filter>
    </ClInclude>
    <ClInclude Include="Resource.h">
      <Filter>Header Files</Filter>
    </ClInclude>
    <ClInclude Include="StdAfx.h">
      <Filter>Header Files</Filter>
    </ClInclude>
    <ClInclude Include="STEP_wma.h">
      <Filter>Header Files</Filter>
    </ClInclude>
  </ItemGroup>
</Project>